
Microsoft Visual Studio Solution File, Format Version 12.00
# Visual Studio Version 17
VisualStudioVersion = 17.3.32901.215
MinimumVisualStudioVersion = 10.0.40219.1
Project("{FAE04EC0-301F-11D3-BF4B-00C04F79EFBC}") = "StringCalculator.Domain", "StringCalculator.Domain\StringCalculator.Domain.csproj", "{72F027B1-E92F-4283-9A94-4C79FC750B13}"
EndProject
Project("{FAE04EC0-301F-11D3-BF4B-00C04F79EFBC}") = "StringCalculator.UnitTests", "StringCalculator.UnitTests\StringCalculator.UnitTests.csproj", "{B85C997A-3D24-49BE-8AB9-92561B40BE7E}"
EndProject
Global
	GlobalSection(SolutionConfigurationPlatforms) = preSolution
		Debug|Any CPU = Debug|Any CPU
		Release|Any CPU = Release|Any CPU
	EndGlobalSection
	GlobalSection(ProjectConfigurationPlatforms) = postSolution
		{72F027B1-E92F-4283-9A94-4C79FC750B13}.Debug|Any CPU.ActiveCfg = Debug|Any CPU
		{72F027B1-E92F-4283-9A94-4C79FC750B13}.Debug|Any CPU.Build.0 = Debug|Any CPU
		{72F027B1-E92F-4283-9A94-4C79FC750B13}.Release|Any CPU.ActiveCfg = Release|Any CPU
		{72F027B1-E92F-4283-9A94-4C79FC750B13}.Release|Any CPU.Build.0 = Release|Any CPU
		{B85C997A-3D24-49BE-8AB9-92561B40BE7E}.Debug|Any CPU.ActiveCfg = Debug|Any CPU
		{B85C997A-3D24-49BE-8AB9-92561B40BE7E}.Debug|Any CPU.Build.0 = Debug|Any CPU
		{B85C997A-3D24-49BE-8AB9-92561B40BE7E}.Release|Any CPU.ActiveCfg = Release|Any CPU
		{B85C997A-3D24-49BE-8AB9-92561B40BE7E}.Release|Any CPU.Build.0 = Release|Any CPU
	EndGlobalSection
	GlobalSection(SolutionProperties) = preSolution
		HideSolutionNode = FALSE
	EndGlobalSection
	GlobalSection(ExtensibilityGlobals) = postSolution
		SolutionGuid = {C68C9F87-E494-4780-93E1-4355738F1604}
	EndGlobalSection
EndGlobal
